
Microsoft Visual Studio Solution File, Format Version 12.00
# Visual Studio Version 16
VisualStudioVersion = 16.0.32228.343
MinimumVisualStudioVersion = 10.0.40219.1
Project("{2150E333-8FDC-42A3-9474-1A3956D46DE8}") = "BeerEShop.Services", "BeerEShop.Services", "{DCAF3517-A305-4EC5-8EA3-FF3D20AF6270}"
EndProject
Project("{2150E333-8FDC-42A3-9474-1A3956D46DE8}") = "Catalogs", "Catalogs", "{B6894D7E-FD0B-4C28-81CD-AE8371B0F428}"
EndProject
Project("{9A19103F-16F7-4668-BE54-9A1E7A4F7556}") = "BeerEShop.Services.Catalogs.Infrastracture", "Services\Catalogs\BeerEShop.Services.Catalogs.Infrastracture\BeerEShop.Services.Catalogs.Infrastracture.csproj", "{81CF1E84-E26F-4273-82A6-688A67ED65FB}"
EndProject
Project("{9A19103F-16F7-4668-BE54-9A1E7A4F7556}") = "BeerEShop.Services.Catalogs.Domain", "Services\Catalogs\BeerEShop.Services.Catalogs.Domain\BeerEShop.Services.Catalogs.Domain.csproj", "{57528C67-8B54-4C09-8146-930ECA20313F}"
EndProject
Project("{9A19103F-16F7-4668-BE54-9A1E7A4F7556}") = "BeerEShop.Services.Catalogs.Application", "Services\Catalogs\BeerEShop.Services.Catalogs.Application\BeerEShop.Services.Catalogs.Application.csproj", "{062D3BF4-9594-4B2D-9CA9-95F74230B57E}"
EndProject
Project("{9A19103F-16F7-4668-BE54-9A1E7A4F7556}") = "BeerEShop.Services.Catalogs.API", "Services\Catalogs\BeerEShop.Services.Catalogs.API\BeerEShop.Services.Catalogs.API.csproj", "{A19FD15C-5121-4341-B784-6B5F56C5660F}"
EndProject
Project("{2150E333-8FDC-42A3-9474-1A3956D46DE8}") = "Tests", "Tests", "{A28E7E80-9186-4319-99B0-EA8A43F15504}"
EndProject
Project("{2150E333-8FDC-42A3-9474-1A3956D46DE8}") = "CatalogsTest", "CatalogsTest", "{8C8F1176-CBA8-4BFF-BE46-1EB65A26D16B}"
EndProject
Project("{9A19103F-16F7-4668-BE54-9A1E7A4F7556}") = "BeerEShop.Tests.Catalogs.UnitTest", "Tests\BeerEShop.Tests.Catalogs.UnitTest\BeerEShop.Tests.Catalogs.UnitTest.csproj", "{B169BCEB-FED9-46AE-BA7B-A6F9D5972118}"
EndProject
Project("{2150E333-8FDC-42A3-9474-1A3956D46DE8}") = "Wholesalers", "Wholesalers", "{1CB6AE50-A435-41EB-8F09-04C79C5871AE}"
EndProject
Project("{9A19103F-16F7-4668-BE54-9A1E7A4F7556}") = "BeerEShop.Services.Wholesalers.API", "Services\Wholesalers\BeerEShop.Services.Wholesalers.API\BeerEShop.Services.Wholesalers.API.csproj", "{0686FB74-DAA8-465D-AE03-9D4FEA909531}"
EndProject
Project("{2150E333-8FDC-42A3-9474-1A3956D46DE8}") = "BeerEShop.Shared", "BeerEShop.Shared", "{63FABEFC-94B4-47F0-B6B3-4B419F34541F}"
EndProject
Project("{9A19103F-16F7-4668-BE54-9A1E7A4F7556}") = "EShop.Shared.Common", "Shared\EShop.Shared.Common\EShop.Shared.Common.csproj", "{0EF58FB4-41BD-49F7-B617-73BC6FA211FA}"
EndProject
Project("{9A19103F-16F7-4668-BE54-9A1E7A4F7556}") = "EShop.Shared.EventBus.Messages", "Shared\EShop.Shared.EventBus.Messages\EShop.Shared.EventBus.Messages.csproj", "{D6AA9F50-1434-4F23-A2B9-BD0CA20CD69B}"
EndProject
Project("{2150E333-8FDC-42A3-9474-1A3956D46DE8}") = "BeerEshop.APIGateway", "BeerEshop.APIGateway", "{2B6A901C-D665-47C2-8FCC-15FF5A7324D9}"
EndProject
Project("{9A19103F-16F7-4668-BE54-9A1E7A4F7556}") = "BeerShopApiGw", "APIGateway\BeerShopApiGw\BeerShopApiGw.csproj", "{06DC250C-ABF7-4E8A-B132-17FA5BD3BADC}"
EndProject
Project("{2150E333-8FDC-42A3-9474-1A3956D46DE8}") = "Discounts", "Discounts", "{C0FE3FB2-3DCA-4646-9217-B28A47070614}"
EndProject
Project("{FAE04EC0-301F-11D3-BF4B-00C04F79EFBC}") = "BeerEShop.Services.Discounts.Grpc", "Services\Discounts\BeerEShop.Services.Discounts.Grpc\BeerEShop.Services.Discounts.Grpc.csproj", "{E37FD05C-DA76-4820-B28B-D1DC4AC1A20C}"
EndProject
Project("{2150E333-8FDC-42A3-9474-1A3956D46DE8}") = "Sales", "Sales", "{BBB3EAA0-C56F-4EA8-A484-3511A7ECE3F5}"
EndProject
Project("{FAE04EC0-301F-11D3-BF4B-00C04F79EFBC}") = "BeerEShop.Services.Sales.API", "Services\Sales\BeerEShop.Services.Sales.API\BeerEShop.Services.Sales.API.csproj", "{9890D28F-9D34-4FB8-B763-D2D6C2152BC7}"
EndProject
Global
	GlobalSection(SolutionConfigurationPlatforms) = preSolution
		Debug|Any CPU = Debug|Any CPU
		Release|Any CPU = Release|Any CPU
	EndGlobalSection
	GlobalSection(ProjectConfigurationPlatforms) = postSolution
		{81CF1E84-E26F-4273-82A6-688A67ED65FB}.Debug|Any CPU.ActiveCfg = Debug|Any CPU
		{81CF1E84-E26F-4273-82A6-688A67ED65FB}.Debug|Any CPU.Build.0 = Debug|Any CPU
		{81CF1E84-E26F-4273-82A6-688A67ED65FB}.Release|Any CPU.ActiveCfg = Release|Any CPU
		{81CF1E84-E26F-4273-82A6-688A67ED65FB}.Release|Any CPU.Build.0 = Release|Any CPU
		{57528C67-8B54-4C09-8146-930ECA20313F}.Debug|Any CPU.ActiveCfg = Debug|Any CPU
		{57528C67-8B54-4C09-8146-930ECA20313F}.Debug|Any CPU.Build.0 = Debug|Any CPU
		{57528C67-8B54-4C09-8146-930ECA20313F}.Release|Any CPU.ActiveCfg = Release|Any CPU
		{57528C67-8B54-4C09-8146-930ECA20313F}.Release|Any CPU.Build.0 = Release|Any CPU
		{062D3BF4-9594-4B2D-9CA9-95F74230B57E}.Debug|Any CPU.ActiveCfg = Debug|Any CPU
		{062D3BF4-9594-4B2D-9CA9-95F74230B57E}.Debug|Any CPU.Build.0 = Debug|Any CPU
		{062D3BF4-9594-4B2D-9CA9-95F74230B57E}.Release|Any CPU.ActiveCfg = Release|Any CPU
		{062D3BF4-9594-4B2D-9CA9-95F74230B57E}.Release|Any CPU.Build.0 = Release|Any CPU
		{A19FD15C-5121-4341-B784-6B5F56C5660F}.Debug|Any CPU.ActiveCfg = Debug|Any CPU
		{A19FD15C-5121-4341-B784-6B5F56C5660F}.Debug|Any CPU.Build.0 = Debug|Any CPU
		{A19FD15C-5121-4341-B784-6B5F56C5660F}.Release|Any CPU.ActiveCfg = Release|Any CPU
		{A19FD15C-5121-4341-B784-6B5F56C5660F}.Release|Any CPU.Build.0 = Release|Any CPU
		{B169BCEB-FED9-46AE-BA7B-A6F9D5972118}.Debug|Any CPU.ActiveCfg = Debug|Any CPU
		{B169BCEB-FED9-46AE-BA7B-A6F9D5972118}.Debug|Any CPU.Build.0 = Debug|Any CPU
		{B169BCEB-FED9-46AE-BA7B-A6F9D5972118}.Release|Any CPU.ActiveCfg = Release|Any CPU
		{B169BCEB-FED9-46AE-BA7B-A6F9D5972118}.Release|Any CPU.Build.0 = Release|Any CPU
		{0686FB74-DAA8-465D-AE03-9D4FEA909531}.Debug|Any CPU.ActiveCfg = Debug|Any CPU
		{0686FB74-DAA8-465D-AE03-9D4FEA909531}.Debug|Any CPU.Build.0 = Debug|Any CPU
		{0686FB74-DAA8-465D-AE03-9D4FEA909531}.Release|Any CPU.ActiveCfg = Release|Any CPU
		{0686FB74-DAA8-465D-AE03-9D4FEA909531}.Release|Any CPU.Build.0 = Release|Any CPU
		{0EF58FB4-41BD-49F7-B617-73BC6FA211FA}.Debug|Any CPU.ActiveCfg = Debug|Any CPU
		{0EF58FB4-41BD-49F7-B617-73BC6FA211FA}.Debug|Any CPU.Build.0 = Debug|Any CPU
		{0EF58FB4-41BD-49F7-B617-73BC6FA211FA}.Release|Any CPU.ActiveCfg = Release|Any CPU
		{0EF58FB4-41BD-49F7-B617-73BC6FA211FA}.Release|Any CPU.Build.0 = Release|Any CPU
		{D6AA9F50-1434-4F23-A2B9-BD0CA20CD69B}.Debug|Any CPU.ActiveCfg = Debug|Any CPU
		{D6AA9F50-1434-4F23-A2B9-BD0CA20CD69B}.Debug|Any CPU.Build.0 = Debug|Any CPU
		{D6AA9F50-1434-4F23-A2B9-BD0CA20CD69B}.Release|Any CPU.ActiveCfg = Release|Any CPU
		{D6AA9F50-1434-4F23-A2B9-BD0CA20CD69B}.Release|Any CPU.Build.0 = Release|Any CPU
		{06DC250C-ABF7-4E8A-B132-17FA5BD3BADC}.Debug|Any CPU.ActiveCfg = Debug|Any CPU
		{06DC250C-ABF7-4E8A-B132-17FA5BD3BADC}.Debug|Any CPU.Build.0 = Debug|Any CPU
		{06DC250C-ABF7-4E8A-B132-17FA5BD3BADC}.Release|Any CPU.ActiveCfg = Release|Any CPU
		{06DC250C-ABF7-4E8A-B132-17FA5BD3BADC}.Release|Any CPU.Build.0 = Release|Any CPU
		{E37FD05C-DA76-4820-B28B-D1DC4AC1A20C}.Debug|Any CPU.ActiveCfg = Debug|Any CPU
		{E37FD05C-DA76-4820-B28B-D1DC4AC1A20C}.Debug|Any CPU.Build.0 = Debug|Any CPU
		{E37FD05C-DA76-4820-B28B-D1DC4AC1A20C}.Release|Any CPU.ActiveCfg = Release|Any CPU
		{E37FD05C-DA76-4820-B28B-D1DC4AC1A20C}.Release|Any CPU.Build.0 = Release|Any CPU
		{9890D28F-9D34-4FB8-B763-D2D6C2152BC7}.Debug|Any CPU.ActiveCfg = Debug|Any CPU
		{9890D28F-9D34-4FB8-B763-D2D6C2152BC7}.Debug|Any CPU.Build.0 = Debug|Any CPU
		{9890D28F-9D34-4FB8-B763-D2D6C2152BC7}.Release|Any CPU.ActiveCfg = Release|Any CPU
		{9890D28F-9D34-4FB8-B763-D2D6C2152BC7}.Release|Any CPU.Build.0 = Release|Any CPU
	EndGlobalSection
	GlobalSection(SolutionProperties) = preSolution
		HideSolutionNode = FALSE
	EndGlobalSection
	GlobalSection(NestedProjects) = preSolution
		{B6894D7E-FD0B-4C28-81CD-AE8371B0F428} = {DCAF3517-A305-4EC5-8EA3-FF3D20AF6270}
		{81CF1E84-E26F-4273-82A6-688A67ED65FB} = {B6894D7E-FD0B-4C28-81CD-AE8371B0F428}
		{57528C67-8B54-4C09-8146-930ECA20313F} = {B6894D7E-FD0B-4C28-81CD-AE8371B0F428}
		{062D3BF4-9594-4B2D-9CA9-95F74230B57E} = {B6894D7E-FD0B-4C28-81CD-AE8371B0F428}
		{A19FD15C-5121-4341-B784-6B5F56C5660F} = {B6894D7E-FD0B-4C28-81CD-AE8371B0F428}
		{8C8F1176-CBA8-4BFF-BE46-1EB65A26D16B} = {A28E7E80-9186-4319-99B0-EA8A43F15504}
		{B169BCEB-FED9-46AE-BA7B-A6F9D5972118} = {8C8F1176-CBA8-4BFF-BE46-1EB65A26D16B}
		{1CB6AE50-A435-41EB-8F09-04C79C5871AE} = {DCAF3517-A305-4EC5-8EA3-FF3D20AF6270}
		{0686FB74-DAA8-465D-AE03-9D4FEA909531} = {1CB6AE50-A435-41EB-8F09-04C79C5871AE}
		{0EF58FB4-41BD-49F7-B617-73BC6FA211FA} = {63FABEFC-94B4-47F0-B6B3-4B419F34541F}
		{D6AA9F50-1434-4F23-A2B9-BD0CA20CD69B} = {63FABEFC-94B4-47F0-B6B3-4B419F34541F}
		{06DC250C-ABF7-4E8A-B132-17FA5BD3BADC} = {2B6A901C-D665-47C2-8FCC-15FF5A7324D9}
		{C0FE3FB2-3DCA-4646-9217-B28A47070614} = {DCAF3517-A305-4EC5-8EA3-FF3D20AF6270}
		{E37FD05C-DA76-4820-B28B-D1DC4AC1A20C} = {C0FE3FB2-3DCA-4646-9217-B28A47070614}
		{BBB3EAA0-C56F-4EA8-A484-3511A7ECE3F5} = {DCAF3517-A305-4EC5-8EA3-FF3D20AF6270}
		{9890D28F-9D34-4FB8-B763-D2D6C2152BC7} = {BBB3EAA0-C56F-4EA8-A484-3511A7ECE3F5}
	EndGlobalSection
	GlobalSection(ExtensibilityGlobals) = postSolution
		SolutionGuid = {F2C2AA5E-9ECF-4F74-BA83-595F0339DB43}
	EndGlobalSection
EndGlobal
